
Microsoft Visual Studio Solution File, Format Version 12.00
# Visual Studio Version 17
VisualStudioVersion = 17.12.35707.178
MinimumVisualStudioVersion = 10.0.40219.1
Project("{FAE04EC0-301F-11D3-BF4B-00C04F79EFBC}") = "WebApp", "WebApp\WebApp.csproj", "{01C46F7B-A176-4FCB-B628-5DC216AB7944}"
EndProject
Project("{FAE04EC0-301F-11D3-BF4B-00C04F79EFBC}") = "Core", "Core\Core.csproj", "{91DD0575-255E-409E-9647-2A5FE3254A0A}"
EndProject
Project("{FAE04EC0-301F-11D3-BF4B-00C04F79EFBC}") = "Infrastructure", "Infrastructure\Infrastructure.csproj", "{33FFC065-5203-47AC-AF26-632F4DAE2931}"
EndProject
Project("{FAE04EC0-301F-11D3-BF4B-00C04F79EFBC}") = "Application", "Application\Application.csproj", "{62A8F918-34DC-47DB-91BA-6035EB3B504F}"
EndProject
Project("{FAE04EC0-301F-11D3-BF4B-00C04F79EFBC}") = "Utilities", "Utilities\Utilities.csproj", "{FE9FB648-2AF0-4A85-9E79-DB8B0027E76C}"
EndProject
Project("{FAE04EC0-301F-11D3-BF4B-00C04F79EFBC}") = "Tests", "Tests\Tests.csproj", "{643D13A3-7A15-4ACE-8C66-AC8E02D9E9B9}"
EndProject
Global
	GlobalSection(SolutionConfigurationPlatforms) = preSolution
		Debug|Any CPU = Debug|Any CPU
		Release|Any CPU = Release|Any CPU
	EndGlobalSection
	GlobalSection(ProjectConfigurationPlatforms) = postSolution
		{01C46F7B-A176-4FCB-B628-5DC216AB7944}.Debug|Any CPU.ActiveCfg = Debug|Any CPU
		{01C46F7B-A176-4FCB-B628-5DC216AB7944}.Debug|Any CPU.Build.0 = Debug|Any CPU
		{01C46F7B-A176-4FCB-B628-5DC216AB7944}.Release|Any CPU.ActiveCfg = Release|Any CPU
		{01C46F7B-A176-4FCB-B628-5DC216AB7944}.Release|Any CPU.Build.0 = Release|Any CPU
		{91DD0575-255E-409E-9647-2A5FE3254A0A}.Debug|Any CPU.ActiveCfg = Debug|Any CPU
		{91DD0575-255E-409E-9647-2A5FE3254A0A}.Debug|Any CPU.Build.0 = Debug|Any CPU
		{91DD0575-255E-409E-9647-2A5FE3254A0A}.Release|Any CPU.ActiveCfg = Release|Any CPU
		{91DD0575-255E-409E-9647-2A5FE3254A0A}.Release|Any CPU.Build.0 = Release|Any CPU
		{33FFC065-5203-47AC-AF26-632F4DAE2931}.Debug|Any CPU.ActiveCfg = Debug|Any CPU
		{33FFC065-5203-47AC-AF26-632F4DAE2931}.Debug|Any CPU.Build.0 = Debug|Any CPU
		{33FFC065-5203-47AC-AF26-632F4DAE2931}.Release|Any CPU.ActiveCfg = Release|Any CPU
		{33FFC065-5203-47AC-AF26-632F4DAE2931}.Release|Any CPU.Build.0 = Release|Any CPU
		{62A8F918-34DC-47DB-91BA-6035EB3B504F}.Debug|Any CPU.ActiveCfg = Debug|Any CPU
		{62A8F918-34DC-47DB-91BA-6035EB3B504F}.Debug|Any CPU.Build.0 = Debug|Any CPU
		{62A8F918-34DC-47DB-91BA-6035EB3B504F}.Release|Any CPU.ActiveCfg = Release|Any CPU
		{62A8F918-34DC-47DB-91BA-6035EB3B504F}.Release|Any CPU.Build.0 = Release|Any CPU
		{FE9FB648-2AF0-4A85-9E79-DB8B0027E76C}.Debug|Any CPU.ActiveCfg = Debug|Any CPU
		{FE9FB648-2AF0-4A85-9E79-DB8B0027E76C}.Debug|Any CPU.Build.0 = Debug|Any CPU
		{FE9FB648-2AF0-4A85-9E79-DB8B0027E76C}.Release|Any CPU.ActiveCfg = Release|Any CPU
		{FE9FB648-2AF0-4A85-9E79-DB8B0027E76C}.Release|Any CPU.Build.0 = Release|Any CPU
		{643D13A3-7A15-4ACE-8C66-AC8E02D9E9B9}.Debug|Any CPU.ActiveCfg = Debug|Any CPU
		{643D13A3-7A15-4ACE-8C66-AC8E02D9E9B9}.Debug|Any CPU.Build.0 = Debug|Any CPU
		{643D13A3-7A15-4ACE-8C66-AC8E02D9E9B9}.Release|Any CPU.ActiveCfg = Release|Any CPU
		{643D13A3-7A15-4ACE-8C66-AC8E02D9E9B9}.Release|Any CPU.Build.0 = Release|Any CPU
	EndGlobalSection
	GlobalSection(SolutionProperties) = preSolution
		HideSolutionNode = FALSE
	EndGlobalSection
EndGlobal
